{
  "name": "@exium1/nex-gate-local-shared",
  "version": "1.0.1",
  "lockfileVersion": 3,
  "requires": true,
  "packages": {
    "": {
      "name": "@exium1/nex-gate-local-shared",
      "version": "1.0.1",
      "dependencies": {
        "@sinclair/typebox": "^0.32.0",
        "typebox": "^1.2.18"
      },
      "devDependencies": {
        "typescript": "^5.4.0"
      }
    },
    "node_modules/@sinclair/typebox": {
      "version": "0.32.35",
      "resolved": "https://registry.npmjs.org/@sinclair/typebox/-/typebox-0.32.35.tgz",
      "integrity": "sha512-Ul3YyOTU++to8cgNkttakC0dWvpERr6RYoHO2W47DLbFvrwBDJUY31B1sImH6JZSYc4Kt4PyHtoPNu+vL2r2dA==",
      "license": "MIT"
    },
    "node_modules/typebox": {
      "version": "1.2.18",
      "resolved": "https://registry.npmjs.org/typebox/-/typebox-1.2.18.tgz",
      "integrity": "sha512-f4MtqlWxawJjxsuT1onX3F/5fas45PXQFQ1jRDTRia2IpBirlj/Xs9PvSAsw9Mz3DADIDU1mXbzfJWSg21JbRg==",
      "license": "MIT"
    },
    "node_modules/typescript": {
      "version": "5.9.3",
      "resolved": "https://registry.npmjs.org/typescript/-/typescript-5.9.3.tgz",
      "integrity": "sha512-jl1vZzPDinLr9eUt3J/t7V6FgNEw9QjvBPdysz9KfQDD41fQrC2Y4vKQdiaUpFT4bXlb1RHhLpp8wtm6M5TgSw==",
      "dev": true,
      "license": "Apache-2.0",
      "bin": {
        "tsc": "bin/tsc",
        "tsserver": "bin/tsserver"
      },
      "engines": {
        "node": ">=14.17"
      }
    }
  }
}
